// !$*UTF8*$!
{
	archiveVersion = 1;
	classes = {
	};
	objectVersion = 46;
	objects = {

/* Begin PBXBuildFile section */
		53F3E5481D6D6CC900C33455 /* main.m in Sources */ = {isa = PBXBuildFile; fileRef = 53F3E5471D6D6CC900C33455 /* main.m */; };
		53F3E54B1D6D6CC900C33455 /* AppDelegate.m in Sources */ = {isa = PBXBuildFile; fileRef = 53F3E54A1D6D6CC900C33455 /* AppDelegate.m */; };
		53F3E54E1D6D6CC900C33455 /* ViewController.m in Sources */ = {isa = PBXBuildFile; fileRef = 53F3E54D1D6D6CC900C33455 /* ViewController.m */; };
		53F3E5511D6D6CC900C33455 /* Main.storyboard in Resources */ = {isa = PBXBuildFile; fileRef = 53F3E54F1D6D6CC900C33455 /* Main.storyboard */; };
		53F3E5531D6D6CC900C33455 /* Assets.xcassets in Resources */ = {isa = PBXBuildFile; fileRef = 53F3E5521D6D6CC900C33455 /* Assets.xcassets */; };
		53F3E5561D6D6CC900C33455 /* LaunchScreen.storyboard in Resources */ = {isa = PBXBuildFile; fileRef = 53F3E5541D6D6CC900C33455 /* LaunchScreen.storyboard */; };
/* End PBXBuildFile section */

/* Begin PBXFileReference section */
		53F3E5431D6D6CC900C33455 /* 创建条件锁.app */ = {isa = PBXFileReference; explicitFileType = wrapper.application; includeInIndex = 0; path = "创建条件锁.app"; sourceTree = BUILT_PRODUCTS_DIR; };
		53F3E5471D6D6CC900C33455 /* main.m */ = {isa = PBXFileReference; lastKnownFileType = sourcecode.c.objc; path = main.m; sourceTree = "<group>"; };
		53F3E5491D6D6CC900C33455 /* AppDelegate.h */ = {isa = PBXFileReference; lastKnownFileType = sourcecode.c.h; path = AppDelegate.h; sourceTree = "<group>"; };
		53F3E54A1D6D6CC900C33455 /* AppDelegate.m */ = {isa = PBXFileReference; lastKnownFileType = sourcecode.c.objc; path = AppDelegate.m; sourceTree = "<group>"; };
		53F3E54C1D6D6CC900C33455 /* ViewController.h */ = {isa = PBXFileReference; lastKnownFileType = sourcecode.c.h; path = ViewController.h; sourceTree = "<group>"; };
		53F3E54D1D6D6CC900C33455 /* ViewController.m */ = {isa = PBXFileReference; lastKnownFileType = sourcecode.c.objc; path = ViewController.m; sourceTree = "<group>"; };
		53F3E5501D6D6CC900C33455 /* Base */ = {isa = PBXFileReference; lastKnownFileType = file.storyboard; name = Base; path = Base.lproj/Main.storyboard; sourceTree = "<group>"; };
		53F3E5521D6D6CC900C33455 /* Assets.xcassets */ = {isa = PBXFileReference; lastKnownFileType = folder.assetcatalog; path = Assets.xcassets; sourceTree = "<group>"; };
		53F3E5551D6D6CC900C33455 /* Base */ = {isa = PBXFileReference; lastKnownFileType = file.storyboard; name = Base; path = Base.lproj/LaunchScreen.storyboard; sourceTree = "<group>"; };
		53F3E5571D6D6CC900C33455 /* Info.plist */ = {isa = PBXFileReference; lastKnownFileType = text.plist.xml; path = Info.plist; sourceTree = "<group>"; };
/* End PBXFileReference section */

/* Begin PBXFrameworksBuildPhase section */
		53F3E5401D6D6CC900C33455 /* Frameworks */ = {
			isa = PBXFrameworksBuildPhase;
			buildActionMask = 2147483647;
			files = (
			);
			runOnlyForDeploymentPostprocessing = 0;
		};
/* End PBXFrameworksBuildPhase section */

/* Begin PBXGroup section */
		53F3E53A1D6D6CC900C33455 = {
			isa = PBXGroup;
			children = (
				53F3E5451D6D6CC900C33455 /* 创建条件锁 */,
				53F3E5441D6D6CC900C33455 /* Products */,
			);
			sourceTree = "<group>";
		};
		53F3E5441D6D6CC900C33455 /* Products */ = {
			isa = PBXGroup;
			children = (
				53F3E5431D6D6CC900C33455 /* 创建条件锁.app */,
			);
			name = Products;
			sourceTree = "<group>";
		};
		53F3E5451D6D6CC900C33455 /* 创建条件锁 */ = {
			isa = PBXGroup;
			children = (
				53F3E5491D6D6CC900C33455 /* AppDelegate.h */,
				53F3E54A1D6D6CC900C33455 /* AppDelegate.m */,
				53F3E54C1D6D6CC900C33455 /* ViewController.h */,
				53F3E54D1D6D6CC900C33455 /* ViewController.m */,
				53F3E54F1D6D6CC900C33455 /* Main.storyboard */,
				53F3E5521D6D6CC900C33455 /* Assets.xcassets */,
				53F3E5541D6D6CC900C33455 /* LaunchScreen.storyboard */,
				53F3E5571D6D6CC900C33455 /* Info.plist */,
				53F3E5461D6D6CC900C33455 /* Supporting Files */,
			);
			path = "创建条件锁";
			sourceTree = "<group>";
		};
		53F3E5461D6D6CC900C33455 /* Supporting Files */ = {
			isa = PBXGroup;
			children = (
				53F3E5471D6D6CC900C33455 /* main.m */,
			);
			name = "Supporting Files";
			sourceTree = "<group>";
		};
/* End PBXGroup section */

/* Begin PBXNativeTarget section */
		53F3E5421D6D6CC900C33455 /* 创建条件锁 */ = {
			isa = PBXNativeTarget;
			buildConfigurationList = 53F3E55A1D6D6CC900C33455 /* Build configuration list for PBXNativeTarget "创建条件锁" */;
			buildPhases = (
				53F3E53F1D6D6CC900C33455 /* Sources */,
				53F3E5401D6D6CC900C33455 /* Frameworks */,
				53F3E5411D6D6CC900C33455 /* Resources */,
			);
			buildRules = (
			);
			dependencies = (
			);
			name = "创建条件锁";
			productName = "创建条件锁";
			productReference = 53F3E5431D6D6CC900C33455 /* 创建条件锁.app */;
			productType = "com.apple.product-type.application";
		};
/* End PBXNativeTarget section */

/* Begin PBXProject section */
		53F3E53B1D6D6CC900C33455 /* Project object */ = {
			isa = PBXProject;
			attributes = {
				LastUpgradeCheck = 0730;
				ORGANIZATIONNAME = zhudong;
				TargetAttributes = {
					53F3E5421D6D6CC900C33455 = {
						CreatedOnToolsVersion = 7.3;
					};
				};
			};
			buildConfigurationList = 53F3E53E1D6D6CC900C33455 /* Build configuration list for PBXProject "创建条件锁" */;
			compatibilityVersion = "Xcode 3.2";
			developmentRegion = English;
			hasScannedForEncodings = 0;
			knownRegions = (
				en,
				Base,
			);
			mainGroup = 53F3E53A1D6D6CC900C33455;
			productRefGroup = 53F3E5441D6D6CC900C33455 /* Products */;
			projectDirPath = "";
			projectRoot = "";
			targets = (
				53F3E5421D6D6CC900C33455 /* 创建条件锁 */,
			);
		};
/* End PBXProject section */

/* Begin PBXResourcesBuildPhase section */
		53F3E5411D6D6CC900C33455 /* Resources */ = {
			isa = PBXResourcesBuildPhase;
			buildActionMask = 2147483647;
			files = (
				53F3E5561D6D6CC900C33455 /* LaunchScreen.storyboard in Resources */,
				53F3E5531D6D6CC900C33455 /* Assets.xcassets in Resources */,
				53F3E5511D6D6CC900C33455 /* Main.storyboard in Resources */,
			);
			runOnlyForDeploymentPostprocessing = 0;
		};
/* End PBXResourcesBuildPhase section */

/* Begin PBXSourcesBuildPhase section */
		53F3E53F1D6D6CC900C33455 /* Sources */ = {
			isa = PBXSourcesBuildPhase;
			buildActionMask = 2147483647;
			files = (
				53F3E54E1D6D6CC900C33455 /* ViewController.m in Sources */,
				53F3E54B1D6D6CC900C33455 /* AppDelegate.m in Sources */,
				53F3E5481D6D6CC900C33455 /* main.m in Sources */,
			);
			runOnlyForDeploymentPostprocessing = 0;
		};
/* End PBXSourcesBuildPhase section */

/* Begin PBXVariantGroup section */
		53F3E54F1D6D6CC900C33455 /* Main.storyboard */ = {
			isa = PBXVariantGroup;
			children = (
				53F3E5501D6D6CC900C33455 /* Base */,
			);
			name = Main.storyboard;
			sourceTree = "<group>";
		};
		53F3E5541D6D6CC900C33455 /* LaunchScreen.storyboard */ = {
			isa = PBXVariantGroup;
			children = (
				53F3E5551D6D6CC900C33455 /* Base */,
			);
			name = LaunchScreen.storyboard;
			sourceTree = "<group>";
		};
/* End PBXVariantGroup section */

/* Begin XCBuildConfiguration section */
		53F3E5581D6D6CC900C33455 /* Debug */ = {
			isa = XCBuildConfiguration;
			buildSettings = {
				ALWAYS_SEARCH_USER_PATHS = NO;
				CLANG_ANALYZER_NONNULL = YES;
				CLANG_CXX_LANGUAGE_STANDARD = "gnu++0x";
				CLANG_CXX_LIBRARY = "libc++";
				CLANG_ENABLE_MODULES = YES;
				CLANG_ENABLE_OBJC_ARC = YES;
				CLANG_WARN_BOOL_CONVERSION = YES;
				CLANG_WARN_CONSTANT_CONVERSION = YES;
				CLANG_WARN_DIRECT_OBJC_ISA_USAGE = YES_ERROR;
				CLANG_WARN_EMPTY_BODY = YES;
				CLANG_WARN_ENUM_CONVERSION = YES;
				CLANG_WARN_INT_CONVERSION = YES;
				CLANG_WARN_OBJC_ROOT_CLASS = YES_ERROR;
				CLANG_WARN_UNREACHABLE_CODE = YES;
				CLANG_WARN__DUPLICATE_METHOD_MATCH = YES;
				"CODE_SIGN_IDENTITY[sdk=iphoneos*]" = "iPhone Developer";
				COPY_PHASE_STRIP = NO;
				DEBUG_INFORMATION_FORMAT = dwarf;
				ENABLE_STRICT_OBJC_MSGSEND = YES;
				ENABLE_TESTABILITY = YES;
				GCC_C_LANGUAGE_STANDARD = gnu99;
				GCC_DYNAMIC_NO_PIC = NO;
				GCC_NO_COMMON_BLOCKS = YES;
				GCC_OPTIMIZATION_LEVEL = 0;
				GCC_PREPROCESSOR_DEFINITIONS = (
					"DEBUG=1",
					"$(inherited)",
				);
				GCC_WARN_64_TO_32_BIT_CONVERSION = YES;
				GCC_WARN_ABOUT_RETURN_TYPE = YES_ERROR;
				GCC_WARN_UNDECLARED_SELECTOR = YES;
				GCC_WARN_UNINITIALIZED_AUTOS = YES_AGGRESSIVE;
				GCC_WARN_UNUSED_FUNCTION = YES;
				GCC_WARN_UNUSED_VARIABLE = YES;
				IPHONEOS_DEPLOYMENT_TARGET = 9.3;
				MTL_ENABLE_DEBUG_INFO = YES;
				ONLY_ACTIVE_ARCH = YES;
				SDKROOT = iphoneos;
			};
			name = Debug;
		};
		53F3E5591D6D6CC900C33455 /* Release */ = {
			isa = XCBuildConfiguration;
			buildSettings = {
				ALWAYS_SEARCH_USER_PATHS = NO;
				CLANG_ANALYZER_NONNULL = YES;
				CLANG_CXX_LANGUAGE_STANDARD = "gnu++0x";
				CLANG_CXX_LIBRARY = "libc++";
				CLANG_ENABLE_MODULES = YES;
				CLANG_ENABLE_OBJC_ARC = YES;
				CLANG_WARN_BOOL_CONVERSION = YES;
				CLANG_WARN_CONSTANT_CONVERSION = YES;
				CLANG_WARN_DIRECT_OBJC_ISA_USAGE = YES_ERROR;
				CLANG_WARN_EMPTY_BODY = YES;
				CLANG_WARN_ENUM_CONVERSION = YES;
				CLANG_WARN_INT_CONVERSION = YES;
				CLANG_WARN_OBJC_ROOT_CLASS = YES_ERROR;
				CLANG_WARN_UNREACHABLE_CODE = YES;
				CLANG_WARN__DUPLICATE_METHOD_MATCH = YES;
				"CODE_SIGN_IDENTITY[sdk=iphoneos*]" = "iPhone Developer";
				COPY_PHASE_STRIP = NO;
				DEBUG_INFORMATION_FORMAT = "dwarf-with-dsym";
				ENABLE_NS_ASSERTIONS = NO;
				ENABLE_STRICT_OBJC_MSGSEND = YES;
				GCC_C_LANGUAGE_STANDARD = gnu99;
				GCC_NO_COMMON_BLOCKS = YES;
				GCC_WARN_64_TO_32_BIT_CONVERSION = YES;
				GCC_WARN_ABOUT_RETURN_TYPE = YES_ERROR;
				GCC_WARN_UNDECLARED_SELECTOR = YES;
				GCC_WARN_UNINITIALIZED_AUTOS = YES_AGGRESSIVE;
				GCC_WARN_UNUSED_FUNCTION = YES;
				GCC_WARN_UNUSED_VARIABLE = YES;
				IPHONEOS_DEPLOYMENT_TARGET = 9.3;
				MTL_ENABLE_DEBUG_INFO = NO;
				SDKROOT = iphoneos;
				VALIDATE_PRODUCT = YES;
			};
			name = Release;
		};
		53F3E55B1D6D6CC900C33455 /* Debug */ = {
			isa = XCBuildConfiguration;
			buildSettings = {
				ASSETCATALOG_COMPILER_APPICON_NAME = AppIcon;
				INFOPLIST_FILE = "创建条件锁/Info.plist";
				LD_RUNPATH_SEARCH_PATHS = "$(inherited) @executable_path/Frameworks";
				PRODUCT_BUNDLE_IDENTIFIER = "com.91guoxin.www.-----";
				PRODUCT_NAME = "$(TARGET_NAME)";
			};
			name = Debug;
		};
		53F3E55C1D6D6CC900C33455 /* Release */ = {
			isa = XCBuildConfiguration;
			buildSettings = {
				ASSETCATALOG_COMPILER_APPICON_NAME = AppIcon;
				INFOPLIST_FILE = "创建条件锁/Info.plist";
				LD_RUNPATH_SEARCH_PATHS = "$(inherited) @executable_path/Frameworks";
				PRODUCT_BUNDLE_IDENTIFIER = "com.91guoxin.www.-----";
				PRODUCT_NAME = "$(TARGET_NAME)";
			};
			name = Release;
		};
/* End XCBuildConfiguration section */

/* Begin XCConfigurationList section */
		53F3E53E1D6D6CC900C33455 /* Build configuration list for PBXProject "创建条件锁" */ = {
			isa = XCConfigurationList;
			buildConfigurations = (
				53F3E5581D6D6CC900C33455 /* Debug */,
				53F3E5591D6D6CC900C33455 /* Release */,
			);
			defaultConfigurationIsVisible = 0;
			defaultConfigurationName = Release;
		};
		53F3E55A1D6D6CC900C33455 /* Build configuration list for PBXNativeTarget "创建条件锁" */ = {
			isa = XCConfigurationList;
			buildConfigurations = (
				53F3E55B1D6D6CC900C33455 /* Debug */,
				53F3E55C1D6D6CC900C33455 /* Release */,
			);
			defaultConfigurationIsVisible = 0;
		};
/* End XCConfigurationList section */
	};
	rootObject = 53F3E53B1D6D6CC900C33455 /* Project object */;
}
